
Microsoft Visual Studio Solution File, Format Version 12.00
# Visual Studio Version 17
VisualStudioVersion = 17.0.31903.59
MinimumVisualStudioVersion = 10.0.40219.1
Project("{2150E333-8FDC-42A3-9474-1A3956D46DE8}") = "src", "src", "{3BD190C0-2227-4CA8-B7A4-5E9E4F453625}"
EndProject
Project("{FAE04EC0-301F-11D3-BF4B-00C04F79EFBC}") = "Bookify.Domain", "src\Bookify.Domain\Bookify.Domain.csproj", "{AFFDE0B6-AFE0-456B-9BC2-835E81373E70}"
EndProject
Project("{FAE04EC0-301F-11D3-BF4B-00C04F79EFBC}") = "Bookify.Application", "src\Bookify.Application\Bookify.Application.csproj", "{AC0F1243-314E-4DF5-9821-844DC2A36E11}"
EndProject
Project("{FAE04EC0-301F-11D3-BF4B-00C04F79EFBC}") = "Bookify.Infrastructure", "src\Bookify.Infrastructure\Bookify.Infrastructure.csproj", "{80C3548B-F44C-41A1-9044-3F28F7B725B6}"
EndProject
Project("{FAE04EC0-301F-11D3-BF4B-00C04F79EFBC}") = "Bookify.Api", "src\Bookify.Api\Bookify.Api.csproj", "{A62465BF-140A-4A66-AF48-B9F1BF65F141}"
EndProject
Project("{FAE04EC0-301F-11D3-BF4B-00C04F79EFBC}") = "docker-compose", "docker-compose.dcproj", "{ADD5AF21-A432-4B22-BA2A-479AE85F98FC}"
EndProject
Global
	GlobalSection(SolutionConfigurationPlatforms) = preSolution
		Debug|Any CPU = Debug|Any CPU
		Release|Any CPU = Release|Any CPU
	EndGlobalSection
	GlobalSection(SolutionProperties) = preSolution
		HideSolutionNode = FALSE
	EndGlobalSection
	GlobalSection(NestedProjects) = preSolution
		{AFFDE0B6-AFE0-456B-9BC2-835E81373E70} = {3BD190C0-2227-4CA8-B7A4-5E9E4F453625}
		{AC0F1243-314E-4DF5-9821-844DC2A36E11} = {3BD190C0-2227-4CA8-B7A4-5E9E4F453625}
		{80C3548B-F44C-41A1-9044-3F28F7B725B6} = {3BD190C0-2227-4CA8-B7A4-5E9E4F453625}
		{A62465BF-140A-4A66-AF48-B9F1BF65F141} = {3BD190C0-2227-4CA8-B7A4-5E9E4F453625}
		{ADD5AF21-A432-4B22-BA2A-479AE85F98FC} = {3BD190C0-2227-4CA8-B7A4-5E9E4F453625}
	EndGlobalSection
	GlobalSection(ProjectConfigurationPlatforms) = postSolution
		{AFFDE0B6-AFE0-456B-9BC2-835E81373E70}.Debug|Any CPU.ActiveCfg = Debug|Any CPU
		{AFFDE0B6-AFE0-456B-9BC2-835E81373E70}.Debug|Any CPU.Build.0 = Debug|Any CPU
		{AFFDE0B6-AFE0-456B-9BC2-835E81373E70}.Release|Any CPU.ActiveCfg = Release|Any CPU
		{AFFDE0B6-AFE0-456B-9BC2-835E81373E70}.Release|Any CPU.Build.0 = Release|Any CPU
		{AC0F1243-314E-4DF5-9821-844DC2A36E11}.Debug|Any CPU.ActiveCfg = Debug|Any CPU
		{AC0F1243-314E-4DF5-9821-844DC2A36E11}.Debug|Any CPU.Build.0 = Debug|Any CPU
		{AC0F1243-314E-4DF5-9821-844DC2A36E11}.Release|Any CPU.ActiveCfg = Release|Any CPU
		{AC0F1243-314E-4DF5-9821-844DC2A36E11}.Release|Any CPU.Build.0 = Release|Any CPU
		{80C3548B-F44C-41A1-9044-3F28F7B725B6}.Debug|Any CPU.ActiveCfg = Debug|Any CPU
		{80C3548B-F44C-41A1-9044-3F28F7B725B6}.Debug|Any CPU.Build.0 = Debug|Any CPU
		{80C3548B-F44C-41A1-9044-3F28F7B725B6}.Release|Any CPU.ActiveCfg = Release|Any CPU
		{80C3548B-F44C-41A1-9044-3F28F7B725B6}.Release|Any CPU.Build.0 = Release|Any CPU
		{A62465BF-140A-4A66-AF48-B9F1BF65F141}.Debug|Any CPU.ActiveCfg = Debug|Any CPU
		{A62465BF-140A-4A66-AF48-B9F1BF65F141}.Debug|Any CPU.Build.0 = Debug|Any CPU
		{A62465BF-140A-4A66-AF48-B9F1BF65F141}.Release|Any CPU.ActiveCfg = Release|Any CPU
		{A62465BF-140A-4A66-AF48-B9F1BF65F141}.Release|Any CPU.Build.0 = Release|Any CPU
		{ADD5AF21-A432-4B22-BA2A-479AE85F98FC}.Debug|Any CPU.ActiveCfg = Debug|Any CPU
		{ADD5AF21-A432-4B22-BA2A-479AE85F98FC}.Debug|Any CPU.Build.0 = Debug|Any CPU
		{ADD5AF21-A432-4B22-BA2A-479AE85F98FC}.Release|Any CPU.ActiveCfg = Debug|Any CPU
		{ADD5AF21-A432-4B22-BA2A-479AE85F98FC}.Release|Any CPU.Build.0 = Debug|Any CPU
	EndGlobalSection
EndGlobal
